
Microsoft Visual Studio Solution File, Format Version 12.00
# Visual Studio Version 16
VisualStudioVersion = 16.0.30011.22
MinimumVisualStudioVersion = 10.0.40219.1
Project("{9A19103F-16F7-4668-BE54-9A1E7A4F7556}") = "SelenuimAdvHomework", "SelenuimAdvHomework.csproj", "{39ABDAF6-6420-44D6-A7D1-A4D859CAC350}"
EndProject
Project("{FAE04EC0-301F-11D3-BF4B-00C04F79EFBC}") = "Homewrok2", "..\Homewrok2\Homewrok2.csproj", "{2CF378E6-3CA7-444F-BD58-0CCDC781DF74}"
EndProject
Global
	GlobalSection(SolutionConfigurationPlatforms) = preSolution
		Debug|Any CPU = Debug|Any CPU
		Release|Any CPU = Release|Any CPU
	EndGlobalSection
	GlobalSection(ProjectConfigurationPlatforms) = postSolution
		{39ABDAF6-6420-44D6-A7D1-A4D859CAC350}.Debug|Any CPU.ActiveCfg = Debug|Any CPU
		{39ABDAF6-6420-44D6-A7D1-A4D859CAC350}.Debug|Any CPU.Build.0 = Debug|Any CPU
		{39ABDAF6-6420-44D6-A7D1-A4D859CAC350}.Release|Any CPU.ActiveCfg = Release|Any CPU
		{39ABDAF6-6420-44D6-A7D1-A4D859CAC350}.Release|Any CPU.Build.0 = Release|Any CPU
		{2CF378E6-3CA7-444F-BD58-0CCDC781DF74}.Debug|Any CPU.ActiveCfg = Debug|Any CPU
		{2CF378E6-3CA7-444F-BD58-0CCDC781DF74}.Debug|Any CPU.Build.0 = Debug|Any CPU
		{2CF378E6-3CA7-444F-BD58-0CCDC781DF74}.Release|Any CPU.ActiveCfg = Release|Any CPU
		{2CF378E6-3CA7-444F-BD58-0CCDC781DF74}.Release|Any CPU.Build.0 = Release|Any CPU
	EndGlobalSection
	GlobalSection(SolutionProperties) = preSolution
		HideSolutionNode = FALSE
	EndGlobalSection
	GlobalSection(ExtensibilityGlobals) = postSolution
		SolutionGuid = {4FEE4FA0-B30B-4CD4-97CD-184654E9C745}
	EndGlobalSection
EndGlobal
